
Microsoft Visual Studio Solution File, Format Version 12.00
# Visual Studio 14
VisualStudioVersion = 14.0.24720.0
MinimumVisualStudioVersion = 10.0.40219.1
Project("{FAE04EC0-301F-11D3-BF4B-00C04F79EFBC}") = "Silo", "Silo\Silo.csproj", "{55A64921-452E-4CE0-94F4-C9467DF287D0}"
EndProject
Project("{FAE04EC0-301F-11D3-BF4B-00C04F79EFBC}") = "Producer", "Producer\Producer.csproj", "{96474B11-F3AD-45FF-B323-C66824F6EEF9}"
EndProject
Project("{FAE04EC0-301F-11D3-BF4B-00C04F79EFBC}") = "Console Client", "Console Client\Console Client.csproj", "{42853F0A-E53A-4537-8F50-4BE5FD1A8C93}"
EndProject
Global
	GlobalSection(SolutionConfigurationPlatforms) = preSolution
		Debug|Any CPU = Debug|Any CPU
		Release|Any CPU = Release|Any CPU
	EndGlobalSection
	GlobalSection(ProjectConfigurationPlatforms) = postSolution
		{55A64921-452E-4CE0-94F4-C9467DF287D0}.Debug|Any CPU.ActiveCfg = Debug|Any CPU
		{55A64921-452E-4CE0-94F4-C9467DF287D0}.Debug|Any CPU.Build.0 = Debug|Any CPU
		{55A64921-452E-4CE0-94F4-C9467DF287D0}.Release|Any CPU.ActiveCfg = Release|Any CPU
		{55A64921-452E-4CE0-94F4-C9467DF287D0}.Release|Any CPU.Build.0 = Release|Any CPU
		{96474B11-F3AD-45FF-B323-C66824F6EEF9}.Debug|Any CPU.ActiveCfg = Debug|Any CPU
		{96474B11-F3AD-45FF-B323-C66824F6EEF9}.Debug|Any CPU.Build.0 = Debug|Any CPU
		{96474B11-F3AD-45FF-B323-C66824F6EEF9}.Release|Any CPU.ActiveCfg = Release|Any CPU
		{96474B11-F3AD-45FF-B323-C66824F6EEF9}.Release|Any CPU.Build.0 = Release|Any CPU
		{42853F0A-E53A-4537-8F50-4BE5FD1A8C93}.Debug|Any CPU.ActiveCfg = Debug|Any CPU
		{42853F0A-E53A-4537-8F50-4BE5FD1A8C93}.Debug|Any CPU.Build.0 = Debug|Any CPU
		{42853F0A-E53A-4537-8F50-4BE5FD1A8C93}.Release|Any CPU.ActiveCfg = Release|Any CPU
		{42853F0A-E53A-4537-8F50-4BE5FD1A8C93}.Release|Any CPU.Build.0 = Release|Any CPU
	EndGlobalSection
	GlobalSection(SolutionProperties) = preSolution
		HideSolutionNode = FALSE
	EndGlobalSection
EndGlobal
